
Microsoft Visual Studio Solution File, Format Version 12.00
# Visual Studio 15
VisualStudioVersion = 15.0.27703.2018
MinimumVisualStudioVersion = 10.0.40219.1
Project("{FAE04EC0-301F-11D3-BF4B-00C04F79EFBC}") = "LivrariaDomain", "LivrariaDomain\LivrariaDomain.csproj", "{D7978431-4DBA-42C5-AF90-320F379CF00C}"
EndProject
Project("{FAE04EC0-301F-11D3-BF4B-00C04F79EFBC}") = "LivrariaRepository", "LivrariaRepository\LivrariaRepository.csproj", "{D2637128-3EE4-4C7D-831E-9F91EA4C1D7E}"
EndProject
Project("{FAE04EC0-301F-11D3-BF4B-00C04F79EFBC}") = "Livraria", "Livraria\Livraria.csproj", "{1BAE8359-7BD9-479B-883B-2C708F2879E0}"
EndProject
Global
	GlobalSection(SolutionConfigurationPlatforms) = preSolution
		Debug|Any CPU = Debug|Any CPU
		Release|Any CPU = Release|Any CPU
	EndGlobalSection
	GlobalSection(ProjectConfigurationPlatforms) = postSolution
		{D7978431-4DBA-42C5-AF90-320F379CF00C}.Debug|Any CPU.ActiveCfg = Debug|Any CPU
		{D7978431-4DBA-42C5-AF90-320F379CF00C}.Debug|Any CPU.Build.0 = Debug|Any CPU
		{D7978431-4DBA-42C5-AF90-320F379CF00C}.Release|Any CPU.ActiveCfg = Release|Any CPU
		{D7978431-4DBA-42C5-AF90-320F379CF00C}.Release|Any CPU.Build.0 = Release|Any CPU
		{D2637128-3EE4-4C7D-831E-9F91EA4C1D7E}.Debug|Any CPU.ActiveCfg = Debug|Any CPU
		{D2637128-3EE4-4C7D-831E-9F91EA4C1D7E}.Debug|Any CPU.Build.0 = Debug|Any CPU
		{D2637128-3EE4-4C7D-831E-9F91EA4C1D7E}.Release|Any CPU.ActiveCfg = Release|Any CPU
		{D2637128-3EE4-4C7D-831E-9F91EA4C1D7E}.Release|Any CPU.Build.0 = Release|Any CPU
		{1BAE8359-7BD9-479B-883B-2C708F2879E0}.Debug|Any CPU.ActiveCfg = Debug|Any CPU
		{1BAE8359-7BD9-479B-883B-2C708F2879E0}.Debug|Any CPU.Build.0 = Debug|Any CPU
		{1BAE8359-7BD9-479B-883B-2C708F2879E0}.Release|Any CPU.ActiveCfg = Release|Any CPU
		{1BAE8359-7BD9-479B-883B-2C708F2879E0}.Release|Any CPU.Build.0 = Release|Any CPU
	EndGlobalSection
	GlobalSection(SolutionProperties) = preSolution
		HideSolutionNode = FALSE
	EndGlobalSection
	GlobalSection(ExtensibilityGlobals) = postSolution
		SolutionGuid = {0CEDFCF6-E3F2-43BC-BB95-4CD6A22F52F3}
	EndGlobalSection
EndGlobal
